
Microsoft Visual Studio Solution File, Format Version 12.00
Project("{FAE04EC0-301F-11D3-BF4B-00C04F79EFBC}") = "Q4U", "Q4U.csproj", "{3641B0F5-EFFA-45E8-AC98-63F83F6E50E0}"
EndProject
Global
	GlobalSection(SolutionConfigurationPlatforms) = preSolution
		Debug|Any CPU = Debug|Any CPU
		Release|Any CPU = Release|Any CPU
	EndGlobalSection
	GlobalSection(ProjectConfigurationPlatforms) = postSolution
		{3641B0F5-EFFA-45E8-AC98-63F83F6E50E0}.Debug|Any CPU.ActiveCfg = Debug|Any CPU
		{3641B0F5-EFFA-45E8-AC98-63F83F6E50E0}.Debug|Any CPU.Build.0 = Debug|Any CPU
		{3641B0F5-EFFA-45E8-AC98-63F83F6E50E0}.Release|Any CPU.ActiveCfg = Release|Any CPU
		{3641B0F5-EFFA-45E8-AC98-63F83F6E50E0}.Release|Any CPU.Build.0 = Release|Any CPU
	EndGlobalSection
EndGlobal
